
Microsoft Visual Studio Solution File, Format Version 12.00
# Visual Studio Version 16
VisualStudioVersion = 16.0.29306.81
MinimumVisualStudioVersion = 10.0.40219.1
Project("{FAE04EC0-301F-11D3-BF4B-00C04F79EFBC}") = "AliveSystems", "WindowsFormsApp1\AliveSystems.csproj", "{30EFB7B2-2694-47F9-BE34-99EBC17FDA0C}"
EndProject
Global
	GlobalSection(SolutionConfigurationPlatforms) = preSolution
		Debug|Any CPU = Debug|Any CPU
		Release|Any CPU = Release|Any CPU
	EndGlobalSection
	GlobalSection(ProjectConfigurationPlatforms) = postSolution
		{30EFB7B2-2694-47F9-BE34-99EBC17FDA0C}.Debug|Any CPU.ActiveCfg = Debug|Any CPU
		{30EFB7B2-2694-47F9-BE34-99EBC17FDA0C}.Debug|Any CPU.Build.0 = Debug|Any CPU
		{30EFB7B2-2694-47F9-BE34-99EBC17FDA0C}.Release|Any CPU.ActiveCfg = Release|Any CPU
		{30EFB7B2-2694-47F9-BE34-99EBC17FDA0C}.Release|Any CPU.Build.0 = Release|Any CPU
	EndGlobalSection
	GlobalSection(SolutionProperties) = preSolution
		HideSolutionNode = FALSE
	EndGlobalSection
	GlobalSection(ExtensibilityGlobals) = postSolution
		SolutionGuid = {E72BAD34-B3E1-4092-AB25-6CC00DFBDB5B}
	EndGlobalSection
EndGlobal
